
Microsoft Visual Studio Solution File, Format Version 12.00
# Visual Studio Version 17
VisualStudioVersion = 17.5.33424.131
MinimumVisualStudioVersion = 10.0.40219.1
Project("{FAE04EC0-301F-11D3-BF4B-00C04F79EFBC}") = "target-sistemas", "target-sistemas.csproj", "{B79AB476-B3ED-410B-8DA3-4A24835E096B}"
EndProject
Global
	GlobalSection(SolutionConfigurationPlatforms) = preSolution
		Debug|Any CPU = Debug|Any CPU
		Release|Any CPU = Release|Any CPU
	EndGlobalSection
	GlobalSection(ProjectConfigurationPlatforms) = postSolution
		{B79AB476-B3ED-410B-8DA3-4A24835E096B}.Debug|Any CPU.ActiveCfg = Debug|Any CPU
		{B79AB476-B3ED-410B-8DA3-4A24835E096B}.Debug|Any CPU.Build.0 = Debug|Any CPU
		{B79AB476-B3ED-410B-8DA3-4A24835E096B}.Release|Any CPU.ActiveCfg = Release|Any CPU
		{B79AB476-B3ED-410B-8DA3-4A24835E096B}.Release|Any CPU.Build.0 = Release|Any CPU
	EndGlobalSection
	GlobalSection(SolutionProperties) = preSolution
		HideSolutionNode = FALSE
	EndGlobalSection
	GlobalSection(ExtensibilityGlobals) = postSolution
		SolutionGuid = {C848DDB6-5603-4E5A-B659-6FF201504694}
	EndGlobalSection
EndGlobal
